// !$*UTF8*$!
{
	archiveVersion = 1;
	classes = {
	};
	objectVersion = 56;
	objects = {

/* Begin PBXBuildFile section */
		3F343A5A29B6A14200CD3F6B /* UserAvatarView.swift in Sources */ = {isa = PBXBuildFile; fileRef = 3F343A5929B6A14200CD3F6B /* UserAvatarView.swift */; };
		3F8134AD29561A2900B5BB78 /* Legacy_System_PreferencesApp.swift in Sources */ = {isa = PBXBuildFile; fileRef = 3F8134AC29561A2900B5BB78 /* Legacy_System_PreferencesApp.swift */; };
		3F8134B129561A2B00B5BB78 /* Assets.xcassets in Resources */ = {isa = PBXBuildFile; fileRef = 3F8134B029561A2B00B5BB78 /* Assets.xcassets */; };
		3F8134B429561A2B00B5BB78 /* Preview Assets.xcassets in Resources */ = {isa = PBXBuildFile; fileRef = 3F8134B329561A2B00B5BB78 /* Preview Assets.xcassets */; };
		3F8134BF29561ADA00B5BB78 /* HomeView.swift in Sources */ = {isa = PBXBuildFile; fileRef = 3F8134BE29561ADA00B5BB78 /* HomeView.swift */; };
		3F8134C129561AE500B5BB78 /* PaneManager.swift in Sources */ = {isa = PBXBuildFile; fileRef = 3F8134C029561AE500B5BB78 /* PaneManager.swift */; };
		3F8134C329561AF500B5BB78 /* BundleData.swift in Sources */ = {isa = PBXBuildFile; fileRef = 3F8134C229561AF500B5BB78 /* BundleData.swift */; };
		3F8134C729561B8100B5BB78 /* SearchField.swift in Sources */ = {isa = PBXBuildFile; fileRef = 3F8134C629561B8100B5BB78 /* SearchField.swift */; };
		3F8134C929561B9200B5BB78 /* PaneView.swift in Sources */ = {isa = PBXBuildFile; fileRef = 3F8134C829561B9200B5BB78 /* PaneView.swift */; };
		3F8134CB29561BA900B5BB78 /* AvatarView.swift in Sources */ = {isa = PBXBuildFile; fileRef = 3F8134CA29561BA900B5BB78 /* AvatarView.swift */; };
		3F8134D529561F9600B5BB78 /* PaneAccessLayer.m in Sources */ = {isa = PBXBuildFile; fileRef = 3F8134D329561F9600B5BB78 /* PaneAccessLayer.m */; };
		3F8134D729561FB200B5BB78 /* PaneAccessLayer.m in Sources */ = {isa = PBXBuildFile; fileRef = 3F8134D629561FB200B5BB78 /* PaneAccessLayer.m */; };
		3F8134DA295622C200B5BB78 /* VisualEffectView.swift in Sources */ = {isa = PBXBuildFile; fileRef = 3F8134D9295622C200B5BB78 /* VisualEffectView.swift */; };
		3F8134E0295A1FFF00B5BB78 /* AvatarManager.swift in Sources */ = {isa = PBXBuildFile; fileRef = 3F8134DF295A1FFF00B5BB78 /* AvatarManager.swift */; };
		3F82BFD329B674420008021A /* PaneItem.swift in Sources */ = {isa = PBXBuildFile; fileRef = 3F82BFD229B674420008021A /* PaneItem.swift */; };
		3F82BFD529B681590008021A /* PaneItemView.swift in Sources */ = {isa = PBXBuildFile; fileRef = 3F82BFD429B681590008021A /* PaneItemView.swift */; };
		3F82BFD729B681630008021A /* PaneSectionView.swift in Sources */ = {isa = PBXBuildFile; fileRef = 3F82BFD629B681630008021A /* PaneSectionView.swift */; };
/* End PBXBuildFile section */

/* Begin PBXFileReference section */
		3F343A5929B6A14200CD3F6B /* UserAvatarView.swift */ = {isa = PBXFileReference; lastKnownFileType = sourcecode.swift; path = UserAvatarView.swift; sourceTree = "<group>"; };
		3F8134A929561A2900B5BB78 /* Legacy System Preferences.app */ = {isa = PBXFileReference; explicitFileType = wrapper.application; includeInIndex = 0; path = "Legacy System Preferences.app"; sourceTree = BUILT_PRODUCTS_DIR; };
		3F8134AC29561A2900B5BB78 /* Legacy_System_PreferencesApp.swift */ = {isa = PBXFileReference; lastKnownFileType = sourcecode.swift; path = Legacy_System_PreferencesApp.swift; sourceTree = "<group>"; };
		3F8134B029561A2B00B5BB78 /* Assets.xcassets */ = {isa = PBXFileReference; lastKnownFileType = folder.assetcatalog; path = Assets.xcassets; sourceTree = "<group>"; };
		3F8134B329561A2B00B5BB78 /* Preview Assets.xcassets */ = {isa = PBXFileReference; lastKnownFileType = folder.assetcatalog; path = "Preview Assets.xcassets"; sourceTree = "<group>"; };
		3F8134B529561A2B00B5BB78 /* Legacy_System_Preferences.entitlements */ = {isa = PBXFileReference; lastKnownFileType = text.plist.entitlements; path = Legacy_System_Preferences.entitlements; sourceTree = "<group>"; };
		3F8134BE29561ADA00B5BB78 /* HomeView.swift */ = {isa = PBXFileReference; lastKnownFileType = sourcecode.swift; path = HomeView.swift; sourceTree = "<group>"; };
		3F8134C029561AE500B5BB78 /* PaneManager.swift */ = {isa = PBXFileReference; lastKnownFileType = sourcecode.swift; path = PaneManager.swift; sourceTree = "<group>"; };
		3F8134C229561AF500B5BB78 /* BundleData.swift */ = {isa = PBXFileReference; lastKnownFileType = sourcecode.swift; path = BundleData.swift; sourceTree = "<group>"; };
		3F8134C629561B8100B5BB78 /* SearchField.swift */ = {isa = PBXFileReference; lastKnownFileType = sourcecode.swift; path = SearchField.swift; sourceTree = "<group>"; };
		3F8134C829561B9200B5BB78 /* PaneView.swift */ = {isa = PBXFileReference; lastKnownFileType = sourcecode.swift; path = PaneView.swift; sourceTree = "<group>"; };
		3F8134CA29561BA900B5BB78 /* AvatarView.swift */ = {isa = PBXFileReference; lastKnownFileType = sourcecode.swift; path = AvatarView.swift; sourceTree = "<group>"; };
		3F8134D329561F9600B5BB78 /* PaneAccessLayer.m */ = {isa = PBXFileReference; fileEncoding = 4; lastKnownFileType = sourcecode.c.objc; path = PaneAccessLayer.m; sourceTree = "<group>"; };
		3F8134D429561F9600B5BB78 /* Legacy System Preferences-Bridging-Header.h */ = {isa = PBXFileReference; fileEncoding = 4; lastKnownFileType = sourcecode.c.h; path = "Legacy System Preferences-Bridging-Header.h"; sourceTree = "<group>"; };
		3F8134D629561FB200B5BB78 /* PaneAccessLayer.m */ = {isa = PBXFileReference; lastKnownFileType = sourcecode.c.objc; path = PaneAccessLayer.m; sourceTree = "<group>"; };
		3F8134D829561FCE00B5BB78 /* Legacy System Preferences-Bridging-Header.h */ = {isa = PBXFileReference; lastKnownFileType = sourcecode.c.h; path = "Legacy System Preferences-Bridging-Header.h"; sourceTree = "<group>"; };
		3F8134D9295622C200B5BB78 /* VisualEffectView.swift */ = {isa = PBXFileReference; lastKnownFileType = sourcecode.swift; path = VisualEffectView.swift; sourceTree = "<group>"; };
		3F8134DF295A1FFF00B5BB78 /* AvatarManager.swift */ = {isa = PBXFileReference; lastKnownFileType = sourcecode.swift; path = AvatarManager.swift; sourceTree = "<group>"; };
		3F82BFD229B674420008021A /* PaneItem.swift */ = {isa = PBXFileReference; lastKnownFileType = sourcecode.swift; path = PaneItem.swift; sourceTree = "<group>"; };
		3F82BFD429B681590008021A /* PaneItemView.swift */ = {isa = PBXFileReference; lastKnownFileType = sourcecode.swift; path = PaneItemView.swift; sourceTree = "<group>"; };
		3F82BFD629B681630008021A /* PaneSectionView.swift */ = {isa = PBXFileReference; lastKnownFileType = sourcecode.swift; path = PaneSectionView.swift; sourceTree = "<group>"; };
/* End PBXFileReference section */

/* Begin PBXFrameworksBuildPhase section */
		3F8134A629561A2900B5BB78 /* Frameworks */ = {
			isa = PBXFrameworksBuildPhase;
			buildActionMask = 2147483647;
			files = (
			);
			runOnlyForDeploymentPostprocessing = 0;
		};
/* End PBXFrameworksBuildPhase section */

/* Begin PBXGroup section */
		3F343A5B29B6A3C500CD3F6B /* Views */ = {
			isa = PBXGroup;
			children = (
				3F8134C829561B9200B5BB78 /* PaneView.swift */,
				3F82BFD429B681590008021A /* PaneItemView.swift */,
				3F82BFD629B681630008021A /* PaneSectionView.swift */,
			);
			path = Views;
			sourceTree = "<group>";
		};
		3F343A5C29B6A3D000CD3F6B /* Views */ = {
			isa = PBXGroup;
			children = (
				3F8134BE29561ADA00B5BB78 /* HomeView.swift */,
				3F8134D9295622C200B5BB78 /* VisualEffectView.swift */,
				3F8134C629561B8100B5BB78 /* SearchField.swift */,
			);
			path = Views;
			sourceTree = "<group>";
		};
		3F8134A029561A2900B5BB78 = {
			isa = PBXGroup;
			children = (
				3F8134AB29561A2900B5BB78 /* Legacy System Preferences */,
				3F8134AA29561A2900B5BB78 /* Products */,
			);
			sourceTree = "<group>";
		};
		3F8134AA29561A2900B5BB78 /* Products */ = {
			isa = PBXGroup;
			children = (
				3F8134A929561A2900B5BB78 /* Legacy System Preferences.app */,
			);
			name = Products;
			sourceTree = "<group>";
		};
		3F8134AB29561A2900B5BB78 /* Legacy System Preferences */ = {
			isa = PBXGroup;
			children = (
				3F8134B029561A2B00B5BB78 /* Assets.xcassets */,
				3F8134B529561A2B00B5BB78 /* Legacy_System_Preferences.entitlements */,
				3F8134AC29561A2900B5BB78 /* Legacy_System_PreferencesApp.swift */,
				3F8134C229561AF500B5BB78 /* BundleData.swift */,
				3F8134D629561FB200B5BB78 /* PaneAccessLayer.m */,
				3F8134D829561FCE00B5BB78 /* Legacy System Preferences-Bridging-Header.h */,
				3F343A5C29B6A3D000CD3F6B /* Views */,
				3F82BFD929B692170008021A /* Avatar */,
				3F82BFD829B6919E0008021A /* Pane */,
				3F8134B229561A2B00B5BB78 /* Preview Content */,
			);
			path = "Legacy System Preferences";
			sourceTree = "<group>";
		};
		3F8134B229561A2B00B5BB78 /* Preview Content */ = {
			isa = PBXGroup;
			children = (
				3F8134D429561F9600B5BB78 /* Legacy System Preferences-Bridging-Header.h */,
				3F8134D329561F9600B5BB78 /* PaneAccessLayer.m */,
				3F8134B329561A2B00B5BB78 /* Preview Assets.xcassets */,
			);
			path = "Preview Content";
			sourceTree = "<group>";
		};
		3F82BFD829B6919E0008021A /* Pane */ = {
			isa = PBXGroup;
			children = (
				3F8134C029561AE500B5BB78 /* PaneManager.swift */,
				3F82BFD229B674420008021A /* PaneItem.swift */,
				3F343A5B29B6A3C500CD3F6B /* Views */,
			);
			path = Pane;
			sourceTree = "<group>";
		};
		3F82BFD929B692170008021A /* Avatar */ = {
			isa = PBXGroup;
			children = (
				3F8134DF295A1FFF00B5BB78 /* AvatarManager.swift */,
				3F8134CA29561BA900B5BB78 /* AvatarView.swift */,
				3F343A5929B6A14200CD3F6B /* UserAvatarView.swift */,
			);
			path = Avatar;
			sourceTree = "<group>";
		};
/* End PBXGroup section */

/* Begin PBXNativeTarget section */
		3F8134A829561A2900B5BB78 /* Legacy System Preferences */ = {
			isa = PBXNativeTarget;
			buildConfigurationList = 3F8134B829561A2B00B5BB78 /* Build configuration list for PBXNativeTarget "Legacy System Preferences" */;
			buildPhases = (
				3F8134A529561A2900B5BB78 /* Sources */,
				3F8134A629561A2900B5BB78 /* Frameworks */,
				3F8134A729561A2900B5BB78 /* Resources */,
			);
			buildRules = (
			);
			dependencies = (
			);
			name = "Legacy System Preferences";
			productName = "Legacy System Preferences";
			productReference = 3F8134A929561A2900B5BB78 /* Legacy System Preferences.app */;
			productType = "com.apple.product-type.application";
		};
/* End PBXNativeTarget section */

/* Begin PBXProject section */
		3F8134A129561A2900B5BB78 /* Project object */ = {
			isa = PBXProject;
			attributes = {
				BuildIndependentTargetsInParallel = 1;
				LastSwiftUpdateCheck = 1420;
				LastUpgradeCheck = 1420;
				TargetAttributes = {
					3F8134A829561A2900B5BB78 = {
						CreatedOnToolsVersion = 14.2;
						LastSwiftMigration = 1420;
					};
				};
			};
			buildConfigurationList = 3F8134A429561A2900B5BB78 /* Build configuration list for PBXProject "Legacy System Preferences" */;
			compatibilityVersion = "Xcode 14.0";
			developmentRegion = en;
			hasScannedForEncodings = 0;
			knownRegions = (
				en,
				Base,
			);
			mainGroup = 3F8134A029561A2900B5BB78;
			productRefGroup = 3F8134AA29561A2900B5BB78 /* Products */;
			projectDirPath = "";
			projectRoot = "";
			targets = (
				3F8134A829561A2900B5BB78 /* Legacy System Preferences */,
			);
		};
/* End PBXProject section */

/* Begin PBXResourcesBuildPhase section */
		3F8134A729561A2900B5BB78 /* Resources */ = {
			isa = PBXResourcesBuildPhase;
			buildActionMask = 2147483647;
			files = (
				3F8134B429561A2B00B5BB78 /* Preview Assets.xcassets in Resources */,
				3F8134B129561A2B00B5BB78 /* Assets.xcassets in Resources */,
			);
			runOnlyForDeploymentPostprocessing = 0;
		};
/* End PBXResourcesBuildPhase section */

/* Begin PBXSourcesBuildPhase section */
		3F8134A529561A2900B5BB78 /* Sources */ = {
			isa = PBXSourcesBuildPhase;
			buildActionMask = 2147483647;
			files = (
				3F8134DA295622C200B5BB78 /* VisualEffectView.swift in Sources */,
				3F8134C929561B9200B5BB78 /* PaneView.swift in Sources */,
				3F8134C329561AF500B5BB78 /* BundleData.swift in Sources */,
				3F8134BF29561ADA00B5BB78 /* HomeView.swift in Sources */,
				3F82BFD729B681630008021A /* PaneSectionView.swift in Sources */,
				3F8134AD29561A2900B5BB78 /* Legacy_System_PreferencesApp.swift in Sources */,
				3F8134C129561AE500B5BB78 /* PaneManager.swift in Sources */,
				3F343A5A29B6A14200CD3F6B /* UserAvatarView.swift in Sources */,
				3F8134D729561FB200B5BB78 /* PaneAccessLayer.m in Sources */,
				3F8134E0295A1FFF00B5BB78 /* AvatarManager.swift in Sources */,
				3F82BFD329B674420008021A /* PaneItem.swift in Sources */,
				3F8134D529561F9600B5BB78 /* PaneAccessLayer.m in Sources */,
				3F82BFD529B681590008021A /* PaneItemView.swift in Sources */,
				3F8134CB29561BA900B5BB78 /* AvatarView.swift in Sources */,
				3F8134C729561B8100B5BB78 /* SearchField.swift in Sources */,
			);
			runOnlyForDeploymentPostprocessing = 0;
		};
/* End PBXSourcesBuildPhase section */

/* Begin XCBuildConfiguration section */
		3F8134B629561A2B00B5BB78 /* Debug */ = {
			isa = XCBuildConfiguration;
			buildSettings = {
				ALWAYS_SEARCH_USER_PATHS = NO;
				ARCHS = x86_64;
				CLANG_ANALYZER_NONNULL = YES;
				CLANG_ANALYZER_NUMBER_OBJECT_CONVERSION = YES_AGGRESSIVE;
				CLANG_CXX_LANGUAGE_STANDARD = "gnu++20";
				CLANG_ENABLE_MODULES = YES;
				CLANG_ENABLE_OBJC_ARC = YES;
				CLANG_ENABLE_OBJC_WEAK = YES;
				CLANG_WARN_BLOCK_CAPTURE_AUTORELEASING = YES;
				CLANG_WARN_BOOL_CONVERSION = YES;
				CLANG_WARN_COMMA = YES;
				CLANG_WARN_CONSTANT_CONVERSION = YES;
				CLANG_WARN_DEPRECATED_OBJC_IMPLEMENTATIONS = YES;
				CLANG_WARN_DIRECT_OBJC_ISA_USAGE = YES_ERROR;
				CLANG_WARN_DOCUMENTATION_COMMENTS = YES;
				CLANG_WARN_EMPTY_BODY = YES;
				CLANG_WARN_ENUM_CONVERSION = YES;
				CLANG_WARN_INFINITE_RECURSION = YES;
				CLANG_WARN_INT_CONVERSION = YES;
				CLANG_WARN_NON_LITERAL_NULL_CONVERSION = YES;
				CLANG_WARN_OBJC_IMPLICIT_RETAIN_SELF = YES;
				CLANG_WARN_OBJC_LITERAL_CONVERSION = YES;
				CLANG_WARN_OBJC_ROOT_CLASS = YES_ERROR;
				CLANG_WARN_QUOTED_INCLUDE_IN_FRAMEWORK_HEADER = YES;
				CLANG_WARN_RANGE_LOOP_ANALYSIS = YES;
				CLANG_WARN_STRICT_PROTOTYPES = YES;
				CLANG_WARN_SUSPICIOUS_MOVE = YES;
				CLANG_WARN_UNGUARDED_AVAILABILITY = YES_AGGRESSIVE;
				CLANG_WARN_UNREACHABLE_CODE = YES;
				CLANG_WARN__DUPLICATE_METHOD_MATCH = YES;
				COPY_PHASE_STRIP = NO;
				DEBUG_INFORMATION_FORMAT = dwarf;
				ENABLE_STRICT_OBJC_MSGSEND = YES;
				ENABLE_TESTABILITY = YES;
				GCC_C_LANGUAGE_STANDARD = gnu11;
				GCC_DYNAMIC_NO_PIC = NO;
				GCC_NO_COMMON_BLOCKS = YES;
				GCC_OPTIMIZATION_LEVEL = 0;
				GCC_PREPROCESSOR_DEFINITIONS = (
					"DEBUG=1",
					"$(inherited)",
				);
				GCC_WARN_64_TO_32_BIT_CONVERSION = YES;
				GCC_WARN_ABOUT_RETURN_TYPE = YES_ERROR;
				GCC_WARN_UNDECLARED_SELECTOR = YES;
				GCC_WARN_UNINITIALIZED_AUTOS = YES_AGGRESSIVE;
				GCC_WARN_UNUSED_FUNCTION = YES;
				GCC_WARN_UNUSED_VARIABLE = YES;
				MACOSX_DEPLOYMENT_TARGET = 13.0;
				MTL_ENABLE_DEBUG_INFO = INCLUDE_SOURCE;
				MTL_FAST_MATH = YES;
				ONLY_ACTIVE_ARCH = YES;
				SDKROOT = macosx;
				SWIFT_ACTIVE_COMPILATION_CONDITIONS = DEBUG;
				SWIFT_OBJC_BRIDGING_HEADER = "Legacy System Preferences/Legacy System Preferences-Bridging-Header.h";
				SWIFT_OBJC_INTERFACE_HEADER_NAME = "$(SWIFT_MODULE_NAME)-Swift.h";
				SWIFT_OPTIMIZATION_LEVEL = "-Onone";
			};
			name = Debug;
		};
		3F8134B729561A2B00B5BB78 /* Release */ = {
			isa = XCBuildConfiguration;
			buildSettings = {
				ALWAYS_SEARCH_USER_PATHS = NO;
				ARCHS = x86_64;
				CLANG_ANALYZER_NONNULL = YES;
				CLANG_ANALYZER_NUMBER_OBJECT_CONVERSION = YES_AGGRESSIVE;
				CLANG_CXX_LANGUAGE_STANDARD = "gnu++20";
				CLANG_ENABLE_MODULES = YES;
				CLANG_ENABLE_OBJC_ARC = YES;
				CLANG_ENABLE_OBJC_WEAK = YES;
				CLANG_WARN_BLOCK_CAPTURE_AUTORELEASING = YES;
				CLANG_WARN_BOOL_CONVERSION = YES;
				CLANG_WARN_COMMA = YES;
				CLANG_WARN_CONSTANT_CONVERSION = YES;
				CLANG_WARN_DEPRECATED_OBJC_IMPLEMENTATIONS = YES;
				CLANG_WARN_DIRECT_OBJC_ISA_USAGE = YES_ERROR;
				CLANG_WARN_DOCUMENTATION_COMMENTS = YES;
				CLANG_WARN_EMPTY_BODY = YES;
				CLANG_WARN_ENUM_CONVERSION = YES;
				CLANG_WARN_INFINITE_RECURSION = YES;
				CLANG_WARN_INT_CONVERSION = YES;
				CLANG_WARN_NON_LITERAL_NULL_CONVERSION = YES;
				CLANG_WARN_OBJC_IMPLICIT_RETAIN_SELF = YES;
				CLANG_WARN_OBJC_LITERAL_CONVERSION = YES;
				CLANG_WARN_OBJC_ROOT_CLASS = YES_ERROR;
				CLANG_WARN_QUOTED_INCLUDE_IN_FRAMEWORK_HEADER = YES;
				CLANG_WARN_RANGE_LOOP_ANALYSIS = YES;
				CLANG_WARN_STRICT_PROTOTYPES = YES;
				CLANG_WARN_SUSPICIOUS_MOVE = YES;
				CLANG_WARN_UNGUARDED_AVAILABILITY = YES_AGGRESSIVE;
				CLANG_WARN_UNREACHABLE_CODE = YES;
				CLANG_WARN__DUPLICATE_METHOD_MATCH = YES;
				COPY_PHASE_STRIP = NO;
				DEBUG_INFORMATION_FORMAT = "dwarf-with-dsym";
				ENABLE_NS_ASSERTIONS = NO;
				ENABLE_STRICT_OBJC_MSGSEND = YES;
				GCC_C_LANGUAGE_STANDARD = gnu11;
				GCC_NO_COMMON_BLOCKS = YES;
				GCC_WARN_64_TO_32_BIT_CONVERSION = YES;
				GCC_WARN_ABOUT_RETURN_TYPE = YES_ERROR;
				GCC_WARN_UNDECLARED_SELECTOR = YES;
				GCC_WARN_UNINITIALIZED_AUTOS = YES_AGGRESSIVE;
				GCC_WARN_UNUSED_FUNCTION = YES;
				GCC_WARN_UNUSED_VARIABLE = YES;
				MACOSX_DEPLOYMENT_TARGET = 13.0;
				MTL_ENABLE_DEBUG_INFO = NO;
				MTL_FAST_MATH = YES;
				SDKROOT = macosx;
				SWIFT_COMPILATION_MODE = wholemodule;
				SWIFT_OBJC_BRIDGING_HEADER = "Legacy System Preferences/Legacy System Preferences-Bridging-Header.h";
				SWIFT_OBJC_INTERFACE_HEADER_NAME = "$(SWIFT_MODULE_NAME)-Swift.h";
				SWIFT_OPTIMIZATION_LEVEL = "-O";
			};
			name = Release;
		};
		3F8134B929561A2B00B5BB78 /* Debug */ = {
			isa = XCBuildConfiguration;
			buildSettings = {
				ASSETCATALOG_COMPILER_APPICON_NAME = AppIcon;
				ASSETCATALOG_COMPILER_GLOBAL_ACCENT_COLOR_NAME = AccentColor;
				CLANG_ENABLE_MODULES = YES;
				CODE_SIGN_ENTITLEMENTS = "Legacy System Preferences/Legacy_System_Preferences.entitlements";
				CODE_SIGN_IDENTITY = "Apple Development";
				"CODE_SIGN_IDENTITY[sdk=macosx*]" = "Apple Development";
				CODE_SIGN_STYLE = Automatic;
				COMBINE_HIDPI_IMAGES = YES;
				CURRENT_PROJECT_VERSION = 1;
				DEVELOPMENT_ASSET_PATHS = "\"Legacy System Preferences/Preview Content\"";
				DEVELOPMENT_TEAM = 9BWZQ52AFK;
				ENABLE_HARDENED_RUNTIME = YES;
				ENABLE_PREVIEWS = YES;
				GENERATE_INFOPLIST_FILE = YES;
				INFOPLIST_KEY_CFBundleDisplayName = "System Preferences";
				INFOPLIST_KEY_LSApplicationCategoryType = "public.app-category.utilities";
				INFOPLIST_KEY_NSHumanReadableCopyright = "";
				LD_RUNPATH_SEARCH_PATHS = (
					"$(inherited)",
					"@executable_path/../Frameworks",
				);
				MARKETING_VERSION = 1.1;
				PRODUCT_BUNDLE_IDENTIFIER = "com.bitespotatobacks.Legacy-System-Preferences";
				PRODUCT_NAME = "$(TARGET_NAME)";
				PROVISIONING_PROFILE_SPECIFIER = "";
				SWIFT_EMIT_LOC_STRINGS = YES;
				SWIFT_OBJC_BRIDGING_HEADER = "Legacy System Preferences/Legacy System Preferences-Bridging-Header.h";
				SWIFT_OPTIMIZATION_LEVEL = "-Onone";
				SWIFT_VERSION = 5.0;
			};
			name = Debug;
		};
		3F8134BA29561A2B00B5BB78 /* Release */ = {
			isa = XCBuildConfiguration;
			buildSettings = {
				ASSETCATALOG_COMPILER_APPICON_NAME = AppIcon;
				ASSETCATALOG_COMPILER_GLOBAL_ACCENT_COLOR_NAME = AccentColor;
				CLANG_ENABLE_MODULES = YES;
				CODE_SIGN_ENTITLEMENTS = "Legacy System Preferences/Legacy_System_Preferences.entitlements";
				CODE_SIGN_IDENTITY = "Apple Development";
				"CODE_SIGN_IDENTITY[sdk=macosx*]" = "Apple Development";
				CODE_SIGN_STYLE = Automatic;
				COMBINE_HIDPI_IMAGES = YES;
				CURRENT_PROJECT_VERSION = 1;
				DEVELOPMENT_ASSET_PATHS = "\"Legacy System Preferences/Preview Content\"";
				DEVELOPMENT_TEAM = 9BWZQ52AFK;
				ENABLE_HARDENED_RUNTIME = YES;
				ENABLE_PREVIEWS = YES;
				GENERATE_INFOPLIST_FILE = YES;
				INFOPLIST_KEY_CFBundleDisplayName = "System Preferences";
				INFOPLIST_KEY_LSApplicationCategoryType = "public.app-category.utilities";
				INFOPLIST_KEY_NSHumanReadableCopyright = "";
				LD_RUNPATH_SEARCH_PATHS = (
					"$(inherited)",
					"@executable_path/../Frameworks",
				);
				MARKETING_VERSION = 1.1;
				PRODUCT_BUNDLE_IDENTIFIER = "com.bitespotatobacks.Legacy-System-Preferences";
				PRODUCT_NAME = "$(TARGET_NAME)";
				PROVISIONING_PROFILE_SPECIFIER = "";
				SWIFT_EMIT_LOC_STRINGS = YES;
				SWIFT_OBJC_BRIDGING_HEADER = "Legacy System Preferences/Legacy System Preferences-Bridging-Header.h";
				SWIFT_VERSION = 5.0;
			};
			name = Release;
		};
/* End XCBuildConfiguration section */

/* Begin XCConfigurationList section */
		3F8134A429561A2900B5BB78 /* Build configuration list for PBXProject "Legacy System Preferences" */ = {
			isa = XCConfigurationList;
			buildConfigurations = (
				3F8134B629561A2B00B5BB78 /* Debug */,
				3F8134B729561A2B00B5BB78 /* Release */,
			);
			defaultConfigurationIsVisible = 0;
			defaultConfigurationName = Release;
		};
		3F8134B829561A2B00B5BB78 /* Build configuration list for PBXNativeTarget "Legacy System Preferences" */ = {
			isa = XCConfigurationList;
			buildConfigurations = (
				3F8134B929561A2B00B5BB78 /* Debug */,
				3F8134BA29561A2B00B5BB78 /* Release */,
			);
			defaultConfigurationIsVisible = 0;
			defaultConfigurationName = Release;
		};
/* End XCConfigurationList section */
	};
	rootObject = 3F8134A129561A2900B5BB78 /* Project object */;
}
